
Microsoft Visual Studio Solution File, Format Version 12.00
# Visual Studio 15
VisualStudioVersion = 15.0.28307.421
MinimumVisualStudioVersion = 10.0.40219.1
Project("{2150E333-8FDC-42A3-9474-1A3956D46DE8}") = "Chapter09_Methods", "Chapter09_Methods", "{BF205F69-DC1C-4E59-84FC-348B5403B0AD}"
	ProjectSection(SolutionItems) = preProject
		Chapter09\README.md = Chapter09\README.md
	EndProjectSection
EndProject
Project("{2150E333-8FDC-42A3-9474-1A3956D46DE8}") = "Chapter08_NumeralSystems", "Chapter08_NumeralSystems", "{B3B86B56-51DF-4890-A923-F6C694F80D35}"
	ProjectSection(SolutionItems) = preProject
		Chapter08\README.md = Chapter08\README.md
	EndProjectSection
EndProject
Project("{FAE04EC0-301F-11D3-BF4B-00C04F79EFBC}") = "Exercise01", "Chapter08\Exercise01\Exercise01.csproj", "{0DA9CF58-93A5-4E59-BA5B-B4ADDD10830E}"
EndProject
Project("{FAE04EC0-301F-11D3-BF4B-00C04F79EFBC}") = "Exercise01", "Chapter09\Exercise01\Exercise01.csproj", "{07E060CD-DE3E-4D3F-ABF2-A02D46A745E4}"
EndProject
Project("{FAE04EC0-301F-11D3-BF4B-00C04F79EFBC}") = "Exercise02", "Chapter08\Exercise02\Exercise02.csproj", "{098C0C2C-0581-47C4-A69A-6881B4DF7115}"
EndProject
Project("{FAE04EC0-301F-11D3-BF4B-00C04F79EFBC}") = "Exercise03", "Chapter08\Exercise03\Exercise03.csproj", "{CF0C6945-2968-4C7A-92C0-3EB50A5AC33D}"
EndProject
Project("{FAE04EC0-301F-11D3-BF4B-00C04F79EFBC}") = "Exercise04", "Chapter08\Exercise04\Exercise04.csproj", "{52DB05C5-5A80-4740-B8CE-DAF9386318D7}"
EndProject
Project("{FAE04EC0-301F-11D3-BF4B-00C04F79EFBC}") = "Exercise05", "Chapter08\Exercise05\Exercise05.csproj", "{2F383C23-2A83-49AD-8F22-8CE7EF152109}"
EndProject
Project("{FAE04EC0-301F-11D3-BF4B-00C04F79EFBC}") = "Exercise06", "Chapter08\Exercise06\Exercise06.csproj", "{6B85A418-DDA2-4B26-890D-354E5BB28703}"
EndProject
Project("{FAE04EC0-301F-11D3-BF4B-00C04F79EFBC}") = "Exercise07", "Chapter08\Exercise07\Exercise07.csproj", "{97BA3830-A924-4E1B-A9D7-9830A58107B1}"
EndProject
Project("{FAE04EC0-301F-11D3-BF4B-00C04F79EFBC}") = "Exercise08", "Chapter08\Exercise08\Exercise08.csproj", "{CCAA69EA-2E91-4854-97D2-DC2E370CB4E9}"
EndProject
Project("{FAE04EC0-301F-11D3-BF4B-00C04F79EFBC}") = "Exercise09", "Chapter08\Exercise09\Exercise09.csproj", "{EAD19F00-60FC-4082-A674-EDBC4E0424A6}"
EndProject
Project("{FAE04EC0-301F-11D3-BF4B-00C04F79EFBC}") = "Exercise10", "Chapter08\Exercise10\Exercise10.csproj", "{EF8DBFEC-8D3B-4065-AD62-9507126B9C15}"
EndProject
Project("{FAE04EC0-301F-11D3-BF4B-00C04F79EFBC}") = "Exercise11", "Chapter08\Exercise11\Exercise11.csproj", "{D6F43A5F-92F8-4DA7-A74F-A8B53F1F3F2C}"
EndProject
Project("{FAE04EC0-301F-11D3-BF4B-00C04F79EFBC}") = "Exercise12", "Chapter08\Exercise12\Exercise12.csproj", "{CC58B04C-07EA-4E48-BC5A-9154087CEB57}"
EndProject
Project("{FAE04EC0-301F-11D3-BF4B-00C04F79EFBC}") = "Exercise13", "Chapter08\Exercise13\Exercise13.csproj", "{F91AB4F4-4AA1-4764-AB3F-E5A6D6C029CC}"
EndProject
Project("{FAE04EC0-301F-11D3-BF4B-00C04F79EFBC}") = "Exercise14", "Chapter08\Exercise14\Exercise14.csproj", "{41E08333-0F1B-4D66-A42B-DC4E6D512612}"
EndProject
Project("{FAE04EC0-301F-11D3-BF4B-00C04F79EFBC}") = "Exercise02", "Chapter09\Exercise02\Exercise02.csproj", "{675D8F63-50C2-484F-949C-B4B770D1530E}"
EndProject
Project("{FAE04EC0-301F-11D3-BF4B-00C04F79EFBC}") = "Exercise03", "Chapter09\Exercise03\Exercise03.csproj", "{EAE989A1-32F3-4ABD-9B47-50F02D4F2BB4}"
EndProject
Project("{2150E333-8FDC-42A3-9474-1A3956D46DE8}") = "Chapter07_Arrays", "Chapter07_Arrays", "{975A93E5-005A-4E30-93D7-41186D177510}"
	ProjectSection(SolutionItems) = preProject
		Chapter07\README.md = Chapter07\README.md
	EndProjectSection
EndProject
Project("{FAE04EC0-301F-11D3-BF4B-00C04F79EFBC}") = "Exercise01", "Chapter07\Exercise01\Exercise01.csproj", "{3EBFFE39-DAD7-4519-BFE4-FEC0F47D183D}"
EndProject
Project("{FAE04EC0-301F-11D3-BF4B-00C04F79EFBC}") = "Exercise02", "Chapter07\Exercise02\Exercise02.csproj", "{F9C71500-11EB-4981-A568-4BAF2E75BA6B}"
EndProject
Project("{FAE04EC0-301F-11D3-BF4B-00C04F79EFBC}") = "PascalsTriangle", "Chapter07\PascalsTriangle\PascalsTriangle.csproj", "{9EE2815B-332A-460A-991A-09906187C064}"
EndProject
Project("{2150E333-8FDC-42A3-9474-1A3956D46DE8}") = "Chapter01_IntroductionToProgramming", "Chapter01_IntroductionToProgramming", "{2C399A09-B5C1-483C-B86F-4427004F698A}"
	ProjectSection(SolutionItems) = preProject
		Chapter01\README.md = Chapter01\README.md
	EndProjectSection
EndProject
Project("{FAE04EC0-301F-11D3-BF4B-00C04F79EFBC}") = "Exercise05", "Chapter01\Exercise05\Exercise05.csproj", "{BA77C3C5-7CB0-439D-BDDD-6826D07DE8C4}"
EndProject
Project("{FAE04EC0-301F-11D3-BF4B-00C04F79EFBC}") = "Exercise06", "Chapter01\Exercise06\Exercise06.csproj", "{8B6E8D66-ECA9-4EF9-8DA1-1493B35B8A80}"
EndProject
Project("{FAE04EC0-301F-11D3-BF4B-00C04F79EFBC}") = "Exercise07", "Chapter01\Exercise07\Exercise07.csproj", "{25A8E30B-EF24-4568-96C0-389E84A9D4C4}"
EndProject
Project("{FAE04EC0-301F-11D3-BF4B-00C04F79EFBC}") = "Exercise08", "Chapter01\Exercise08\Exercise08.csproj", "{3D717BE2-C048-4BA3-8471-763992E4F405}"
EndProject
Project("{FAE04EC0-301F-11D3-BF4B-00C04F79EFBC}") = "Exercise09", "Chapter01\Exercise09\Exercise09.csproj", "{94A87234-901E-4C1D-9668-3EB4E00AF1E4}"
EndProject
Project("{FAE04EC0-301F-11D3-BF4B-00C04F79EFBC}") = "Exercise10", "Chapter01\Exercise10\Exercise10.csproj", "{E73B18B1-3823-4951-9E0B-4179C6FF9C4A}"
EndProject
Project("{FAE04EC0-301F-11D3-BF4B-00C04F79EFBC}") = "Exercise11", "Chapter01\Exercise11\Exercise11.csproj", "{D5ABBB9D-05D5-4213-A553-53718750796D}"
EndProject
Project("{FAE04EC0-301F-11D3-BF4B-00C04F79EFBC}") = "Exercise03", "Chapter07\Exercise03\Exercise03.csproj", "{534620F7-1E86-48F2-89A7-148C6D060A66}"
EndProject
Project("{FAE04EC0-301F-11D3-BF4B-00C04F79EFBC}") = "Exercise04", "Chapter07\Exercise04\Exercise04.csproj", "{D21630E5-AC49-4534-AD73-0E3F460D4136}"
EndProject
Project("{FAE04EC0-301F-11D3-BF4B-00C04F79EFBC}") = "Exercise05", "Chapter07\Exercise05\Exercise05.csproj", "{5414E62E-D558-490B-B874-B2B9502D7A7B}"
EndProject
Project("{FAE04EC0-301F-11D3-BF4B-00C04F79EFBC}") = "Exercise04", "Chapter09\Exercise04\Exercise04.csproj", "{55127C86-E1AE-43A6-94F0-26B0C4040E48}"
EndProject
Project("{FAE04EC0-301F-11D3-BF4B-00C04F79EFBC}") = "Exercise05", "Chapter09\Exercise05\Exercise05.csproj", "{A1D06C40-8459-405E-8476-74FC4E72F8DB}"
EndProject
Project("{FAE04EC0-301F-11D3-BF4B-00C04F79EFBC}") = "Exercise06", "Chapter09\Exercise06\Exercise06.csproj", "{EAB80918-055D-4B57-A28B-E415EBF757FB}"
EndProject
Project("{FAE04EC0-301F-11D3-BF4B-00C04F79EFBC}") = "Exercise07", "Chapter09\Exercise07\Exercise07.csproj", "{4A81E815-0F6C-4656-A48D-A04E7594442C}"
EndProject
Project("{2150E333-8FDC-42A3-9474-1A3956D46DE8}") = "Chapter06_Loops", "Chapter06_Loops", "{9EEBC432-7D21-4789-AD0D-4B826AC61C91}"
	ProjectSection(SolutionItems) = preProject
		Chapter06\README.md = Chapter06\README.md
	EndProjectSection
EndProject
Project("{FAE04EC0-301F-11D3-BF4B-00C04F79EFBC}") = "Exercise01", "Chapter06\Exercise01\Exercise01.csproj", "{DDDF04B8-50E6-4E1C-8808-215F3D093606}"
EndProject
Project("{FAE04EC0-301F-11D3-BF4B-00C04F79EFBC}") = "Exercise02", "Chapter06\Exercise02\Exercise02.csproj", "{C60AA51C-97A5-4160-B9AC-417EAFE08C77}"
EndProject
Project("{FAE04EC0-301F-11D3-BF4B-00C04F79EFBC}") = "Exercise03", "Chapter06\Exercise03\Exercise03.csproj", "{EB7FD456-E264-4908-B8D4-634835D2C161}"
EndProject
Project("{FAE04EC0-301F-11D3-BF4B-00C04F79EFBC}") = "Exercise04", "Chapter06\Exercise04\Exercise04.csproj", "{F8C17364-E762-4E39-A9F2-7B84C2055110}"
EndProject
Project("{FAE04EC0-301F-11D3-BF4B-00C04F79EFBC}") = "Exercise05", "Chapter06\Exercise05\Exercise05.csproj", "{CABDD6DE-297E-436B-96AD-A798493AD369}"
EndProject
Project("{FAE04EC0-301F-11D3-BF4B-00C04F79EFBC}") = "Exercise06", "Chapter06\Exercise06\Exercise06.csproj", "{0228F0B6-B4C3-4A45-A707-0ADA4FBCF34A}"
EndProject
Project("{FAE04EC0-301F-11D3-BF4B-00C04F79EFBC}") = "Exercise07", "Chapter06\Exercise07\Exercise07.csproj", "{011FBAFB-50EA-4455-AD99-1ED75B430DDB}"
EndProject
Project("{FAE04EC0-301F-11D3-BF4B-00C04F79EFBC}") = "Exercise08", "Chapter06\Exercise08\Exercise08.csproj", "{3858868D-63C6-48CE-B5F9-47F02357A530}"
EndProject
Project("{FAE04EC0-301F-11D3-BF4B-00C04F79EFBC}") = "Exercise10", "Chapter06\Exercise10\Exercise10.csproj", "{413C907B-E24C-496A-8D50-15975C82F146}"
EndProject
Project("{FAE04EC0-301F-11D3-BF4B-00C04F79EFBC}") = "Exercise11", "Chapter06\Exercise11\Exercise11.csproj", "{9E53A1D2-5015-4510-889C-9ACF0FD956C3}"
EndProject
Project("{FAE04EC0-301F-11D3-BF4B-00C04F79EFBC}") = "Exercise12", "Chapter06\Exercise12\Exercise12.csproj", "{EA8755A1-F32A-47DC-A246-E8F31172412C}"
EndProject
Project("{FAE04EC0-301F-11D3-BF4B-00C04F79EFBC}") = "Exercise13", "Chapter06\Exercise13\Exercise13.csproj", "{16379CCC-E59C-4467-9090-0F2B04F2F1FC}"
EndProject
Project("{FAE04EC0-301F-11D3-BF4B-00C04F79EFBC}") = "Exercise14", "Chapter06\Exercise14\Exercise14.csproj", "{5FFA5348-1658-4CDB-8706-CB0F41E80896}"
EndProject
Project("{FAE04EC0-301F-11D3-BF4B-00C04F79EFBC}") = "Exercise15", "Chapter06\Exercise15\Exercise15.csproj", "{6A94A105-5D18-42FB-8735-08E17EFA1E36}"
EndProject
Project("{FAE04EC0-301F-11D3-BF4B-00C04F79EFBC}") = "Exercise16", "Chapter06\Exercise16\Exercise16.csproj", "{C7319019-F26A-48D2-A5FA-DAEDA853E7ED}"
EndProject
Project("{FAE04EC0-301F-11D3-BF4B-00C04F79EFBC}") = "Exercise17", "Chapter06\Exercise17\Exercise17.csproj", "{4914458C-9C8E-4B50-ADC3-8F1E09A7D593}"
EndProject
Project("{2150E333-8FDC-42A3-9474-1A3956D46DE8}") = "TestZavislosti", "TestZavislosti", "{AAA7E8D3-7C2B-4975-A597-7D2E29949F68}"
EndProject
Project("{FAE04EC0-301F-11D3-BF4B-00C04F79EFBC}") = "Exercise01", "TestZavislosti\Exercise01\Exercise01.csproj", "{291A623C-0E26-41AB-B166-52FE7DD6EBB5}"
EndProject
Project("{2150E333-8FDC-42A3-9474-1A3956D46DE8}") = "Chapter10_Recursion", "Chapter10_Recursion", "{B8CC9CE5-ED17-4E13-B5EA-1E0ED5212B2A}"
	ProjectSection(SolutionItems) = preProject
		Chapter10\README.md = Chapter10\README.md
	EndProjectSection
EndProject
Project("{2150E333-8FDC-42A3-9474-1A3956D46DE8}") = "Chapter11_Creating_and_Using_Objects", "Chapter11_Creating_and_Using_Objects", "{A3286B33-FFE6-4043-ABE4-1EB35A217DB4}"
	ProjectSection(SolutionItems) = preProject
		Chapter11\README.md = Chapter11\README.md
	EndProjectSection
EndProject
Project("{2150E333-8FDC-42A3-9474-1A3956D46DE8}") = "Chapter12_Exception_Handling", "Chapter12_Exception_Handling", "{CD6CD653-B9AB-4402-9D73-C35E09FAF22B}"
	ProjectSection(SolutionItems) = preProject
		Chapter12\README.md = Chapter12\README.md
	EndProjectSection
EndProject
Project("{2150E333-8FDC-42A3-9474-1A3956D46DE8}") = "Chapter13_Strings_and_Text_Processing", "Chapter13_Strings_and_Text_Processing", "{92DAC8B4-BA92-400C-A678-24A373DD1FEB}"
	ProjectSection(SolutionItems) = preProject
		Chapter13\README.md = Chapter13\README.md
	EndProjectSection
EndProject
Project("{2150E333-8FDC-42A3-9474-1A3956D46DE8}") = "Chapter05_Conditional_Statements", "Chapter05_Conditional_Statements", "{5541FF62-65A7-4DDA-81A5-3BE09567A8DC}"
	ProjectSection(SolutionItems) = preProject
		Chapter05\README.md = Chapter05\README.md
	EndProjectSection
EndProject
Project("{FAE04EC0-301F-11D3-BF4B-00C04F79EFBC}") = "Exercise01", "Chapter05\Exercise01\Exercise01.csproj", "{2DBCF44C-E691-4B01-BBC9-3A5A5ADBD4A2}"
EndProject
Project("{FAE04EC0-301F-11D3-BF4B-00C04F79EFBC}") = "Exercise02", "Chapter05\Exercise02\Exercise02.csproj", "{767C20CF-4A49-47A6-8DC8-7E5C61CEEC48}"
EndProject
Project("{FAE04EC0-301F-11D3-BF4B-00C04F79EFBC}") = "Exercise03", "Chapter05\Exercise03\Exercise03.csproj", "{9B5A5B36-3AF9-4223-A297-212215CBAEE1}"
EndProject
Project("{FAE04EC0-301F-11D3-BF4B-00C04F79EFBC}") = "Exercise05", "Chapter05\Exercise05\Exercise05.csproj", "{CC19FB58-1DED-4C94-84A5-16692A7482A9}"
EndProject
Project("{FAE04EC0-301F-11D3-BF4B-00C04F79EFBC}") = "Exercise06", "Chapter05\Exercise06\Exercise06.csproj", "{F1A80688-78A2-4A1C-A4E6-38EF1FB6B16D}"
EndProject
Project("{FAE04EC0-301F-11D3-BF4B-00C04F79EFBC}") = "Exercise07", "Chapter05\Exercise07\Exercise07.csproj", "{1FAB0A6E-D4C4-437F-8ED2-5A550FC732B2}"
EndProject
Project("{FAE04EC0-301F-11D3-BF4B-00C04F79EFBC}") = "Exercise08", "Chapter05\Exercise08\Exercise08.csproj", "{8D284F1F-6365-43A6-BFB9-A68DA33EDD22}"
EndProject
Project("{FAE04EC0-301F-11D3-BF4B-00C04F79EFBC}") = "Exercise10", "Chapter05\Exercise10\Exercise10.csproj", "{F1E96991-4AB1-4CC7-BEEC-45D3B9BC1D62}"
EndProject
Project("{FAE04EC0-301F-11D3-BF4B-00C04F79EFBC}") = "Exercise11", "Chapter05\Exercise11\Exercise11.csproj", "{CD4CE099-EE5A-4DD9-B687-6C37C48E7541}"
EndProject
Project("{FAE04EC0-301F-11D3-BF4B-00C04F79EFBC}") = "Exercise04", "Chapter05\Exercise04\Exercise04.csproj", "{081ED065-8FC9-4B79-8C7E-366C5E516D27}"
EndProject
Project("{FAE04EC0-301F-11D3-BF4B-00C04F79EFBC}") = "Exercise09", "Chapter05\Exercise09\Exercise09.csproj", "{A0199CB5-0A71-492F-A7E4-C0345F315D1C}"
EndProject
Project("{FAE04EC0-301F-11D3-BF4B-00C04F79EFBC}") = "Exercise09", "Chapter06\Exercise09\Exercise09.csproj", "{80DF27A1-E14A-4375-B9F6-BDB2F381470F}"
EndProject
Global
	GlobalSection(SolutionConfigurationPlatforms) = preSolution
		Debug|Any CPU = Debug|Any CPU
		Release|Any CPU = Release|Any CPU
	EndGlobalSection
	GlobalSection(ProjectConfigurationPlatforms) = postSolution
		{0DA9CF58-93A5-4E59-BA5B-B4ADDD10830E}.Debug|Any CPU.ActiveCfg = Debug|Any CPU
		{0DA9CF58-93A5-4E59-BA5B-B4ADDD10830E}.Debug|Any CPU.Build.0 = Debug|Any CPU
		{0DA9CF58-93A5-4E59-BA5B-B4ADDD10830E}.Release|Any CPU.ActiveCfg = Release|Any CPU
		{0DA9CF58-93A5-4E59-BA5B-B4ADDD10830E}.Release|Any CPU.Build.0 = Release|Any CPU
		{07E060CD-DE3E-4D3F-ABF2-A02D46A745E4}.Debug|Any CPU.ActiveCfg = Debug|Any CPU
		{07E060CD-DE3E-4D3F-ABF2-A02D46A745E4}.Debug|Any CPU.Build.0 = Debug|Any CPU
		{07E060CD-DE3E-4D3F-ABF2-A02D46A745E4}.Release|Any CPU.ActiveCfg = Release|Any CPU
		{07E060CD-DE3E-4D3F-ABF2-A02D46A745E4}.Release|Any CPU.Build.0 = Release|Any CPU
		{098C0C2C-0581-47C4-A69A-6881B4DF7115}.Debug|Any CPU.ActiveCfg = Debug|Any CPU
		{098C0C2C-0581-47C4-A69A-6881B4DF7115}.Debug|Any CPU.Build.0 = Debug|Any CPU
		{098C0C2C-0581-47C4-A69A-6881B4DF7115}.Release|Any CPU.ActiveCfg = Release|Any CPU
		{098C0C2C-0581-47C4-A69A-6881B4DF7115}.Release|Any CPU.Build.0 = Release|Any CPU
		{CF0C6945-2968-4C7A-92C0-3EB50A5AC33D}.Debug|Any CPU.ActiveCfg = Debug|Any CPU
		{CF0C6945-2968-4C7A-92C0-3EB50A5AC33D}.Debug|Any CPU.Build.0 = Debug|Any CPU
		{CF0C6945-2968-4C7A-92C0-3EB50A5AC33D}.Release|Any CPU.ActiveCfg = Release|Any CPU
		{CF0C6945-2968-4C7A-92C0-3EB50A5AC33D}.Release|Any CPU.Build.0 = Release|Any CPU
		{52DB05C5-5A80-4740-B8CE-DAF9386318D7}.Debug|Any CPU.ActiveCfg = Debug|Any CPU
		{52DB05C5-5A80-4740-B8CE-DAF9386318D7}.Debug|Any CPU.Build.0 = Debug|Any CPU
		{52DB05C5-5A80-4740-B8CE-DAF9386318D7}.Release|Any CPU.ActiveCfg = Release|Any CPU
		{52DB05C5-5A80-4740-B8CE-DAF9386318D7}.Release|Any CPU.Build.0 = Release|Any CPU
		{2F383C23-2A83-49AD-8F22-8CE7EF152109}.Debug|Any CPU.ActiveCfg = Debug|Any CPU
		{2F383C23-2A83-49AD-8F22-8CE7EF152109}.Debug|Any CPU.Build.0 = Debug|Any CPU
		{2F383C23-2A83-49AD-8F22-8CE7EF152109}.Release|Any CPU.ActiveCfg = Release|Any CPU
		{2F383C23-2A83-49AD-8F22-8CE7EF152109}.Release|Any CPU.Build.0 = Release|Any CPU
		{6B85A418-DDA2-4B26-890D-354E5BB28703}.Debug|Any CPU.ActiveCfg = Debug|Any CPU
		{6B85A418-DDA2-4B26-890D-354E5BB28703}.Debug|Any CPU.Build.0 = Debug|Any CPU
		{6B85A418-DDA2-4B26-890D-354E5BB28703}.Release|Any CPU.ActiveCfg = Release|Any CPU
		{6B85A418-DDA2-4B26-890D-354E5BB28703}.Release|Any CPU.Build.0 = Release|Any CPU
		{97BA3830-A924-4E1B-A9D7-9830A58107B1}.Debug|Any CPU.ActiveCfg = Debug|Any CPU
		{97BA3830-A924-4E1B-A9D7-9830A58107B1}.Debug|Any CPU.Build.0 = Debug|Any CPU
		{97BA3830-A924-4E1B-A9D7-9830A58107B1}.Release|Any CPU.ActiveCfg = Release|Any CPU
		{97BA3830-A924-4E1B-A9D7-9830A58107B1}.Release|Any CPU.Build.0 = Release|Any CPU
		{CCAA69EA-2E91-4854-97D2-DC2E370CB4E9}.Debug|Any CPU.ActiveCfg = Debug|Any CPU
		{CCAA69EA-2E91-4854-97D2-DC2E370CB4E9}.Debug|Any CPU.Build.0 = Debug|Any CPU
		{CCAA69EA-2E91-4854-97D2-DC2E370CB4E9}.Release|Any CPU.ActiveCfg = Release|Any CPU
		{CCAA69EA-2E91-4854-97D2-DC2E370CB4E9}.Release|Any CPU.Build.0 = Release|Any CPU
		{EAD19F00-60FC-4082-A674-EDBC4E0424A6}.Debug|Any CPU.ActiveCfg = Debug|Any CPU
		{EAD19F00-60FC-4082-A674-EDBC4E0424A6}.Debug|Any CPU.Build.0 = Debug|Any CPU
		{EAD19F00-60FC-4082-A674-EDBC4E0424A6}.Release|Any CPU.ActiveCfg = Release|Any CPU
		{EAD19F00-60FC-4082-A674-EDBC4E0424A6}.Release|Any CPU.Build.0 = Release|Any CPU
		{EF8DBFEC-8D3B-4065-AD62-9507126B9C15}.Debug|Any CPU.ActiveCfg = Debug|Any CPU
		{EF8DBFEC-8D3B-4065-AD62-9507126B9C15}.Debug|Any CPU.Build.0 = Debug|Any CPU
		{EF8DBFEC-8D3B-4065-AD62-9507126B9C15}.Release|Any CPU.ActiveCfg = Release|Any CPU
		{EF8DBFEC-8D3B-4065-AD62-9507126B9C15}.Release|Any CPU.Build.0 = Release|Any CPU
		{D6F43A5F-92F8-4DA7-A74F-A8B53F1F3F2C}.Debug|Any CPU.ActiveCfg = Debug|Any CPU
		{D6F43A5F-92F8-4DA7-A74F-A8B53F1F3F2C}.Debug|Any CPU.Build.0 = Debug|Any CPU
		{D6F43A5F-92F8-4DA7-A74F-A8B53F1F3F2C}.Release|Any CPU.ActiveCfg = Release|Any CPU
		{D6F43A5F-92F8-4DA7-A74F-A8B53F1F3F2C}.Release|Any CPU.Build.0 = Release|Any CPU
		{CC58B04C-07EA-4E48-BC5A-9154087CEB57}.Debug|Any CPU.ActiveCfg = Debug|Any CPU
		{CC58B04C-07EA-4E48-BC5A-9154087CEB57}.Debug|Any CPU.Build.0 = Debug|Any CPU
		{CC58B04C-07EA-4E48-BC5A-9154087CEB57}.Release|Any CPU.ActiveCfg = Release|Any CPU
		{CC58B04C-07EA-4E48-BC5A-9154087CEB57}.Release|Any CPU.Build.0 = Release|Any CPU
		{F91AB4F4-4AA1-4764-AB3F-E5A6D6C029CC}.Debug|Any CPU.ActiveCfg = Debug|Any CPU
		{F91AB4F4-4AA1-4764-AB3F-E5A6D6C029CC}.Debug|Any CPU.Build.0 = Debug|Any CPU
		{F91AB4F4-4AA1-4764-AB3F-E5A6D6C029CC}.Release|Any CPU.ActiveCfg = Release|Any CPU
		{F91AB4F4-4AA1-4764-AB3F-E5A6D6C029CC}.Release|Any CPU.Build.0 = Release|Any CPU
		{41E08333-0F1B-4D66-A42B-DC4E6D512612}.Debug|Any CPU.ActiveCfg = Debug|Any CPU
		{41E08333-0F1B-4D66-A42B-DC4E6D512612}.Debug|Any CPU.Build.0 = Debug|Any CPU
		{41E08333-0F1B-4D66-A42B-DC4E6D512612}.Release|Any CPU.ActiveCfg = Release|Any CPU
		{41E08333-0F1B-4D66-A42B-DC4E6D512612}.Release|Any CPU.Build.0 = Release|Any CPU
		{675D8F63-50C2-484F-949C-B4B770D1530E}.Debug|Any CPU.ActiveCfg = Debug|Any CPU
		{675D8F63-50C2-484F-949C-B4B770D1530E}.Debug|Any CPU.Build.0 = Debug|Any CPU
		{675D8F63-50C2-484F-949C-B4B770D1530E}.Release|Any CPU.ActiveCfg = Release|Any CPU
		{675D8F63-50C2-484F-949C-B4B770D1530E}.Release|Any CPU.Build.0 = Release|Any CPU
		{EAE989A1-32F3-4ABD-9B47-50F02D4F2BB4}.Debug|Any CPU.ActiveCfg = Debug|Any CPU
		{EAE989A1-32F3-4ABD-9B47-50F02D4F2BB4}.Debug|Any CPU.Build.0 = Debug|Any CPU
		{EAE989A1-32F3-4ABD-9B47-50F02D4F2BB4}.Release|Any CPU.ActiveCfg = Release|Any CPU
		{EAE989A1-32F3-4ABD-9B47-50F02D4F2BB4}.Release|Any CPU.Build.0 = Release|Any CPU
		{3EBFFE39-DAD7-4519-BFE4-FEC0F47D183D}.Debug|Any CPU.ActiveCfg = Debug|Any CPU
		{3EBFFE39-DAD7-4519-BFE4-FEC0F47D183D}.Debug|Any CPU.Build.0 = Debug|Any CPU
		{3EBFFE39-DAD7-4519-BFE4-FEC0F47D183D}.Release|Any CPU.ActiveCfg = Release|Any CPU
		{3EBFFE39-DAD7-4519-BFE4-FEC0F47D183D}.Release|Any CPU.Build.0 = Release|Any CPU
		{F9C71500-11EB-4981-A568-4BAF2E75BA6B}.Debug|Any CPU.ActiveCfg = Debug|Any CPU
		{F9C71500-11EB-4981-A568-4BAF2E75BA6B}.Debug|Any CPU.Build.0 = Debug|Any CPU
		{F9C71500-11EB-4981-A568-4BAF2E75BA6B}.Release|Any CPU.ActiveCfg = Release|Any CPU
		{F9C71500-11EB-4981-A568-4BAF2E75BA6B}.Release|Any CPU.Build.0 = Release|Any CPU
		{9EE2815B-332A-460A-991A-09906187C064}.Debug|Any CPU.ActiveCfg = Debug|Any CPU
		{9EE2815B-332A-460A-991A-09906187C064}.Debug|Any CPU.Build.0 = Debug|Any CPU
		{9EE2815B-332A-460A-991A-09906187C064}.Release|Any CPU.ActiveCfg = Release|Any CPU
		{9EE2815B-332A-460A-991A-09906187C064}.Release|Any CPU.Build.0 = Release|Any CPU
		{BA77C3C5-7CB0-439D-BDDD-6826D07DE8C4}.Debug|Any CPU.ActiveCfg = Debug|Any CPU
		{BA77C3C5-7CB0-439D-BDDD-6826D07DE8C4}.Debug|Any CPU.Build.0 = Debug|Any CPU
		{BA77C3C5-7CB0-439D-BDDD-6826D07DE8C4}.Release|Any CPU.ActiveCfg = Release|Any CPU
		{BA77C3C5-7CB0-439D-BDDD-6826D07DE8C4}.Release|Any CPU.Build.0 = Release|Any CPU
		{8B6E8D66-ECA9-4EF9-8DA1-1493B35B8A80}.Debug|Any CPU.ActiveCfg = Debug|Any CPU
		{8B6E8D66-ECA9-4EF9-8DA1-1493B35B8A80}.Debug|Any CPU.Build.0 = Debug|Any CPU
		{8B6E8D66-ECA9-4EF9-8DA1-1493B35B8A80}.Release|Any CPU.ActiveCfg = Release|Any CPU
		{8B6E8D66-ECA9-4EF9-8DA1-1493B35B8A80}.Release|Any CPU.Build.0 = Release|Any CPU
		{25A8E30B-EF24-4568-96C0-389E84A9D4C4}.Debug|Any CPU.ActiveCfg = Debug|Any CPU
		{25A8E30B-EF24-4568-96C0-389E84A9D4C4}.Debug|Any CPU.Build.0 = Debug|Any CPU
		{25A8E30B-EF24-4568-96C0-389E84A9D4C4}.Release|Any CPU.ActiveCfg = Release|Any CPU
		{25A8E30B-EF24-4568-96C0-389E84A9D4C4}.Release|Any CPU.Build.0 = Release|Any CPU
		{3D717BE2-C048-4BA3-8471-763992E4F405}.Debug|Any CPU.ActiveCfg = Debug|Any CPU
		{3D717BE2-C048-4BA3-8471-763992E4F405}.Debug|Any CPU.Build.0 = Debug|Any CPU
		{3D717BE2-C048-4BA3-8471-763992E4F405}.Release|Any CPU.ActiveCfg = Release|Any CPU
		{3D717BE2-C048-4BA3-8471-763992E4F405}.Release|Any CPU.Build.0 = Release|Any CPU
		{94A87234-901E-4C1D-9668-3EB4E00AF1E4}.Debug|Any CPU.ActiveCfg = Debug|Any CPU
		{94A87234-901E-4C1D-9668-3EB4E00AF1E4}.Debug|Any CPU.Build.0 = Debug|Any CPU
		{94A87234-901E-4C1D-9668-3EB4E00AF1E4}.Release|Any CPU.ActiveCfg = Release|Any CPU
		{94A87234-901E-4C1D-9668-3EB4E00AF1E4}.Release|Any CPU.Build.0 = Release|Any CPU
		{E73B18B1-3823-4951-9E0B-4179C6FF9C4A}.Debug|Any CPU.ActiveCfg = Debug|Any CPU
		{E73B18B1-3823-4951-9E0B-4179C6FF9C4A}.Debug|Any CPU.Build.0 = Debug|Any CPU
		{E73B18B1-3823-4951-9E0B-4179C6FF9C4A}.Release|Any CPU.ActiveCfg = Release|Any CPU
		{E73B18B1-3823-4951-9E0B-4179C6FF9C4A}.Release|Any CPU.Build.0 = Release|Any CPU
		{D5ABBB9D-05D5-4213-A553-53718750796D}.Debug|Any CPU.ActiveCfg = Debug|Any CPU
		{D5ABBB9D-05D5-4213-A553-53718750796D}.Debug|Any CPU.Build.0 = Debug|Any CPU
		{D5ABBB9D-05D5-4213-A553-53718750796D}.Release|Any CPU.ActiveCfg = Release|Any CPU
		{D5ABBB9D-05D5-4213-A553-53718750796D}.Release|Any CPU.Build.0 = Release|Any CPU
		{534620F7-1E86-48F2-89A7-148C6D060A66}.Debug|Any CPU.ActiveCfg = Debug|Any CPU
		{534620F7-1E86-48F2-89A7-148C6D060A66}.Debug|Any CPU.Build.0 = Debug|Any CPU
		{534620F7-1E86-48F2-89A7-148C6D060A66}.Release|Any CPU.ActiveCfg = Release|Any CPU
		{534620F7-1E86-48F2-89A7-148C6D060A66}.Release|Any CPU.Build.0 = Release|Any CPU
		{D21630E5-AC49-4534-AD73-0E3F460D4136}.Debug|Any CPU.ActiveCfg = Debug|Any CPU
		{D21630E5-AC49-4534-AD73-0E3F460D4136}.Debug|Any CPU.Build.0 = Debug|Any CPU
		{D21630E5-AC49-4534-AD73-0E3F460D4136}.Release|Any CPU.ActiveCfg = Release|Any CPU
		{D21630E5-AC49-4534-AD73-0E3F460D4136}.Release|Any CPU.Build.0 = Release|Any CPU
		{5414E62E-D558-490B-B874-B2B9502D7A7B}.Debug|Any CPU.ActiveCfg = Debug|Any CPU
		{5414E62E-D558-490B-B874-B2B9502D7A7B}.Debug|Any CPU.Build.0 = Debug|Any CPU
		{5414E62E-D558-490B-B874-B2B9502D7A7B}.Release|Any CPU.ActiveCfg = Release|Any CPU
		{5414E62E-D558-490B-B874-B2B9502D7A7B}.Release|Any CPU.Build.0 = Release|Any CPU
		{55127C86-E1AE-43A6-94F0-26B0C4040E48}.Debug|Any CPU.ActiveCfg = Debug|Any CPU
		{55127C86-E1AE-43A6-94F0-26B0C4040E48}.Debug|Any CPU.Build.0 = Debug|Any CPU
		{55127C86-E1AE-43A6-94F0-26B0C4040E48}.Release|Any CPU.ActiveCfg = Release|Any CPU
		{55127C86-E1AE-43A6-94F0-26B0C4040E48}.Release|Any CPU.Build.0 = Release|Any CPU
		{A1D06C40-8459-405E-8476-74FC4E72F8DB}.Debug|Any CPU.ActiveCfg = Debug|Any CPU
		{A1D06C40-8459-405E-8476-74FC4E72F8DB}.Debug|Any CPU.Build.0 = Debug|Any CPU
		{A1D06C40-8459-405E-8476-74FC4E72F8DB}.Release|Any CPU.ActiveCfg = Release|Any CPU
		{A1D06C40-8459-405E-8476-74FC4E72F8DB}.Release|Any CPU.Build.0 = Release|Any CPU
		{EAB80918-055D-4B57-A28B-E415EBF757FB}.Debug|Any CPU.ActiveCfg = Debug|Any CPU
		{EAB80918-055D-4B57-A28B-E415EBF757FB}.Debug|Any CPU.Build.0 = Debug|Any CPU
		{EAB80918-055D-4B57-A28B-E415EBF757FB}.Release|Any CPU.ActiveCfg = Release|Any CPU
		{EAB80918-055D-4B57-A28B-E415EBF757FB}.Release|Any CPU.Build.0 = Release|Any CPU
		{4A81E815-0F6C-4656-A48D-A04E7594442C}.Debug|Any CPU.ActiveCfg = Debug|Any CPU
		{4A81E815-0F6C-4656-A48D-A04E7594442C}.Debug|Any CPU.Build.0 = Debug|Any CPU
		{4A81E815-0F6C-4656-A48D-A04E7594442C}.Release|Any CPU.ActiveCfg = Release|Any CPU
		{4A81E815-0F6C-4656-A48D-A04E7594442C}.Release|Any CPU.Build.0 = Release|Any CPU
		{DDDF04B8-50E6-4E1C-8808-215F3D093606}.Debug|Any CPU.ActiveCfg = Debug|Any CPU
		{DDDF04B8-50E6-4E1C-8808-215F3D093606}.Debug|Any CPU.Build.0 = Debug|Any CPU
		{DDDF04B8-50E6-4E1C-8808-215F3D093606}.Release|Any CPU.ActiveCfg = Release|Any CPU
		{DDDF04B8-50E6-4E1C-8808-215F3D093606}.Release|Any CPU.Build.0 = Release|Any CPU
		{C60AA51C-97A5-4160-B9AC-417EAFE08C77}.Debug|Any CPU.ActiveCfg = Debug|Any CPU
		{C60AA51C-97A5-4160-B9AC-417EAFE08C77}.Debug|Any CPU.Build.0 = Debug|Any CPU
		{C60AA51C-97A5-4160-B9AC-417EAFE08C77}.Release|Any CPU.ActiveCfg = Release|Any CPU
		{C60AA51C-97A5-4160-B9AC-417EAFE08C77}.Release|Any CPU.Build.0 = Release|Any CPU
		{EB7FD456-E264-4908-B8D4-634835D2C161}.Debug|Any CPU.ActiveCfg = Debug|Any CPU
		{EB7FD456-E264-4908-B8D4-634835D2C161}.Debug|Any CPU.Build.0 = Debug|Any CPU
		{EB7FD456-E264-4908-B8D4-634835D2C161}.Release|Any CPU.ActiveCfg = Release|Any CPU
		{EB7FD456-E264-4908-B8D4-634835D2C161}.Release|Any CPU.Build.0 = Release|Any CPU
		{F8C17364-E762-4E39-A9F2-7B84C2055110}.Debug|Any CPU.ActiveCfg = Debug|Any CPU
		{F8C17364-E762-4E39-A9F2-7B84C2055110}.Debug|Any CPU.Build.0 = Debug|Any CPU
		{F8C17364-E762-4E39-A9F2-7B84C2055110}.Release|Any CPU.ActiveCfg = Release|Any CPU
		{F8C17364-E762-4E39-A9F2-7B84C2055110}.Release|Any CPU.Build.0 = Release|Any CPU
		{CABDD6DE-297E-436B-96AD-A798493AD369}.Debug|Any CPU.ActiveCfg = Debug|Any CPU
		{CABDD6DE-297E-436B-96AD-A798493AD369}.Debug|Any CPU.Build.0 = Debug|Any CPU
		{CABDD6DE-297E-436B-96AD-A798493AD369}.Release|Any CPU.ActiveCfg = Release|Any CPU
		{CABDD6DE-297E-436B-96AD-A798493AD369}.Release|Any CPU.Build.0 = Release|Any CPU
		{0228F0B6-B4C3-4A45-A707-0ADA4FBCF34A}.Debug|Any CPU.ActiveCfg = Debug|Any CPU
		{0228F0B6-B4C3-4A45-A707-0ADA4FBCF34A}.Debug|Any CPU.Build.0 = Debug|Any CPU
		{0228F0B6-B4C3-4A45-A707-0ADA4FBCF34A}.Release|Any CPU.ActiveCfg = Release|Any CPU
		{0228F0B6-B4C3-4A45-A707-0ADA4FBCF34A}.Release|Any CPU.Build.0 = Release|Any CPU
		{011FBAFB-50EA-4455-AD99-1ED75B430DDB}.Debug|Any CPU.ActiveCfg = Debug|Any CPU
		{011FBAFB-50EA-4455-AD99-1ED75B430DDB}.Debug|Any CPU.Build.0 = Debug|Any CPU
		{011FBAFB-50EA-4455-AD99-1ED75B430DDB}.Release|Any CPU.ActiveCfg = Release|Any CPU
		{011FBAFB-50EA-4455-AD99-1ED75B430DDB}.Release|Any CPU.Build.0 = Release|Any CPU
		{3858868D-63C6-48CE-B5F9-47F02357A530}.Debug|Any CPU.ActiveCfg = Debug|Any CPU
		{3858868D-63C6-48CE-B5F9-47F02357A530}.Debug|Any CPU.Build.0 = Debug|Any CPU
		{3858868D-63C6-48CE-B5F9-47F02357A530}.Release|Any CPU.ActiveCfg = Release|Any CPU
		{3858868D-63C6-48CE-B5F9-47F02357A530}.Release|Any CPU.Build.0 = Release|Any CPU
		{413C907B-E24C-496A-8D50-15975C82F146}.Debug|Any CPU.ActiveCfg = Debug|Any CPU
		{413C907B-E24C-496A-8D50-15975C82F146}.Debug|Any CPU.Build.0 = Debug|Any CPU
		{413C907B-E24C-496A-8D50-15975C82F146}.Release|Any CPU.ActiveCfg = Release|Any CPU
		{413C907B-E24C-496A-8D50-15975C82F146}.Release|Any CPU.Build.0 = Release|Any CPU
		{9E53A1D2-5015-4510-889C-9ACF0FD956C3}.Debug|Any CPU.ActiveCfg = Debug|Any CPU
		{9E53A1D2-5015-4510-889C-9ACF0FD956C3}.Debug|Any CPU.Build.0 = Debug|Any CPU
		{9E53A1D2-5015-4510-889C-9ACF0FD956C3}.Release|Any CPU.ActiveCfg = Release|Any CPU
		{9E53A1D2-5015-4510-889C-9ACF0FD956C3}.Release|Any CPU.Build.0 = Release|Any CPU
		{EA8755A1-F32A-47DC-A246-E8F31172412C}.Debug|Any CPU.ActiveCfg = Debug|Any CPU
		{EA8755A1-F32A-47DC-A246-E8F31172412C}.Debug|Any CPU.Build.0 = Debug|Any CPU
		{EA8755A1-F32A-47DC-A246-E8F31172412C}.Release|Any CPU.ActiveCfg = Release|Any CPU
		{EA8755A1-F32A-47DC-A246-E8F31172412C}.Release|Any CPU.Build.0 = Release|Any CPU
		{16379CCC-E59C-4467-9090-0F2B04F2F1FC}.Debug|Any CPU.ActiveCfg = Debug|Any CPU
		{16379CCC-E59C-4467-9090-0F2B04F2F1FC}.Debug|Any CPU.Build.0 = Debug|Any CPU
		{16379CCC-E59C-4467-9090-0F2B04F2F1FC}.Release|Any CPU.ActiveCfg = Release|Any CPU
		{16379CCC-E59C-4467-9090-0F2B04F2F1FC}.Release|Any CPU.Build.0 = Release|Any CPU
		{5FFA5348-1658-4CDB-8706-CB0F41E80896}.Debug|Any CPU.ActiveCfg = Debug|Any CPU
		{5FFA5348-1658-4CDB-8706-CB0F41E80896}.Debug|Any CPU.Build.0 = Debug|Any CPU
		{5FFA5348-1658-4CDB-8706-CB0F41E80896}.Release|Any CPU.ActiveCfg = Release|Any CPU
		{5FFA5348-1658-4CDB-8706-CB0F41E80896}.Release|Any CPU.Build.0 = Release|Any CPU
		{6A94A105-5D18-42FB-8735-08E17EFA1E36}.Debug|Any CPU.ActiveCfg = Debug|Any CPU
		{6A94A105-5D18-42FB-8735-08E17EFA1E36}.Debug|Any CPU.Build.0 = Debug|Any CPU
		{6A94A105-5D18-42FB-8735-08E17EFA1E36}.Release|Any CPU.ActiveCfg = Release|Any CPU
		{6A94A105-5D18-42FB-8735-08E17EFA1E36}.Release|Any CPU.Build.0 = Release|Any CPU
		{C7319019-F26A-48D2-A5FA-DAEDA853E7ED}.Debug|Any CPU.ActiveCfg = Debug|Any CPU
		{C7319019-F26A-48D2-A5FA-DAEDA853E7ED}.Debug|Any CPU.Build.0 = Debug|Any CPU
		{C7319019-F26A-48D2-A5FA-DAEDA853E7ED}.Release|Any CPU.ActiveCfg = Release|Any CPU
		{C7319019-F26A-48D2-A5FA-DAEDA853E7ED}.Release|Any CPU.Build.0 = Release|Any CPU
		{4914458C-9C8E-4B50-ADC3-8F1E09A7D593}.Debug|Any CPU.ActiveCfg = Debug|Any CPU
		{4914458C-9C8E-4B50-ADC3-8F1E09A7D593}.Debug|Any CPU.Build.0 = Debug|Any CPU
		{4914458C-9C8E-4B50-ADC3-8F1E09A7D593}.Release|Any CPU.ActiveCfg = Release|Any CPU
		{4914458C-9C8E-4B50-ADC3-8F1E09A7D593}.Release|Any CPU.Build.0 = Release|Any CPU
		{291A623C-0E26-41AB-B166-52FE7DD6EBB5}.Debug|Any CPU.ActiveCfg = Debug|Any CPU
		{291A623C-0E26-41AB-B166-52FE7DD6EBB5}.Debug|Any CPU.Build.0 = Debug|Any CPU
		{291A623C-0E26-41AB-B166-52FE7DD6EBB5}.Release|Any CPU.ActiveCfg = Release|Any CPU
		{291A623C-0E26-41AB-B166-52FE7DD6EBB5}.Release|Any CPU.Build.0 = Release|Any CPU
		{2DBCF44C-E691-4B01-BBC9-3A5A5ADBD4A2}.Debug|Any CPU.ActiveCfg = Debug|Any CPU
		{2DBCF44C-E691-4B01-BBC9-3A5A5ADBD4A2}.Debug|Any CPU.Build.0 = Debug|Any CPU
		{2DBCF44C-E691-4B01-BBC9-3A5A5ADBD4A2}.Release|Any CPU.ActiveCfg = Release|Any CPU
		{2DBCF44C-E691-4B01-BBC9-3A5A5ADBD4A2}.Release|Any CPU.Build.0 = Release|Any CPU
		{767C20CF-4A49-47A6-8DC8-7E5C61CEEC48}.Debug|Any CPU.ActiveCfg = Debug|Any CPU
		{767C20CF-4A49-47A6-8DC8-7E5C61CEEC48}.Debug|Any CPU.Build.0 = Debug|Any CPU
		{767C20CF-4A49-47A6-8DC8-7E5C61CEEC48}.Release|Any CPU.ActiveCfg = Release|Any CPU
		{767C20CF-4A49-47A6-8DC8-7E5C61CEEC48}.Release|Any CPU.Build.0 = Release|Any CPU
		{9B5A5B36-3AF9-4223-A297-212215CBAEE1}.Debug|Any CPU.ActiveCfg = Debug|Any CPU
		{9B5A5B36-3AF9-4223-A297-212215CBAEE1}.Debug|Any CPU.Build.0 = Debug|Any CPU
		{9B5A5B36-3AF9-4223-A297-212215CBAEE1}.Release|Any CPU.ActiveCfg = Release|Any CPU
		{9B5A5B36-3AF9-4223-A297-212215CBAEE1}.Release|Any CPU.Build.0 = Release|Any CPU
		{CC19FB58-1DED-4C94-84A5-16692A7482A9}.Debug|Any CPU.ActiveCfg = Debug|Any CPU
		{CC19FB58-1DED-4C94-84A5-16692A7482A9}.Debug|Any CPU.Build.0 = Debug|Any CPU
		{CC19FB58-1DED-4C94-84A5-16692A7482A9}.Release|Any CPU.ActiveCfg = Release|Any CPU
		{CC19FB58-1DED-4C94-84A5-16692A7482A9}.Release|Any CPU.Build.0 = Release|Any CPU
		{F1A80688-78A2-4A1C-A4E6-38EF1FB6B16D}.Debug|Any CPU.ActiveCfg = Debug|Any CPU
		{F1A80688-78A2-4A1C-A4E6-38EF1FB6B16D}.Debug|Any CPU.Build.0 = Debug|Any CPU
		{F1A80688-78A2-4A1C-A4E6-38EF1FB6B16D}.Release|Any CPU.ActiveCfg = Release|Any CPU
		{F1A80688-78A2-4A1C-A4E6-38EF1FB6B16D}.Release|Any CPU.Build.0 = Release|Any CPU
		{1FAB0A6E-D4C4-437F-8ED2-5A550FC732B2}.Debug|Any CPU.ActiveCfg = Debug|Any CPU
		{1FAB0A6E-D4C4-437F-8ED2-5A550FC732B2}.Debug|Any CPU.Build.0 = Debug|Any CPU
		{1FAB0A6E-D4C4-437F-8ED2-5A550FC732B2}.Release|Any CPU.ActiveCfg = Release|Any CPU
		{1FAB0A6E-D4C4-437F-8ED2-5A550FC732B2}.Release|Any CPU.Build.0 = Release|Any CPU
		{8D284F1F-6365-43A6-BFB9-A68DA33EDD22}.Debug|Any CPU.ActiveCfg = Debug|Any CPU
		{8D284F1F-6365-43A6-BFB9-A68DA33EDD22}.Debug|Any CPU.Build.0 = Debug|Any CPU
		{8D284F1F-6365-43A6-BFB9-A68DA33EDD22}.Release|Any CPU.ActiveCfg = Release|Any CPU
		{8D284F1F-6365-43A6-BFB9-A68DA33EDD22}.Release|Any CPU.Build.0 = Release|Any CPU
		{F1E96991-4AB1-4CC7-BEEC-45D3B9BC1D62}.Debug|Any CPU.ActiveCfg = Debug|Any CPU
		{F1E96991-4AB1-4CC7-BEEC-45D3B9BC1D62}.Debug|Any CPU.Build.0 = Debug|Any CPU
		{F1E96991-4AB1-4CC7-BEEC-45D3B9BC1D62}.Release|Any CPU.ActiveCfg = Release|Any CPU
		{F1E96991-4AB1-4CC7-BEEC-45D3B9BC1D62}.Release|Any CPU.Build.0 = Release|Any CPU
		{CD4CE099-EE5A-4DD9-B687-6C37C48E7541}.Debug|Any CPU.ActiveCfg = Debug|Any CPU
		{CD4CE099-EE5A-4DD9-B687-6C37C48E7541}.Debug|Any CPU.Build.0 = Debug|Any CPU
		{CD4CE099-EE5A-4DD9-B687-6C37C48E7541}.Release|Any CPU.ActiveCfg = Release|Any CPU
		{CD4CE099-EE5A-4DD9-B687-6C37C48E7541}.Release|Any CPU.Build.0 = Release|Any CPU
		{081ED065-8FC9-4B79-8C7E-366C5E516D27}.Debug|Any CPU.ActiveCfg = Debug|Any CPU
		{081ED065-8FC9-4B79-8C7E-366C5E516D27}.Debug|Any CPU.Build.0 = Debug|Any CPU
		{081ED065-8FC9-4B79-8C7E-366C5E516D27}.Release|Any CPU.ActiveCfg = Release|Any CPU
		{081ED065-8FC9-4B79-8C7E-366C5E516D27}.Release|Any CPU.Build.0 = Release|Any CPU
		{A0199CB5-0A71-492F-A7E4-C0345F315D1C}.Debug|Any CPU.ActiveCfg = Debug|Any CPU
		{A0199CB5-0A71-492F-A7E4-C0345F315D1C}.Debug|Any CPU.Build.0 = Debug|Any CPU
		{A0199CB5-0A71-492F-A7E4-C0345F315D1C}.Release|Any CPU.ActiveCfg = Release|Any CPU
		{A0199CB5-0A71-492F-A7E4-C0345F315D1C}.Release|Any CPU.Build.0 = Release|Any CPU
		{80DF27A1-E14A-4375-B9F6-BDB2F381470F}.Debug|Any CPU.ActiveCfg = Debug|Any CPU
		{80DF27A1-E14A-4375-B9F6-BDB2F381470F}.Debug|Any CPU.Build.0 = Debug|Any CPU
		{80DF27A1-E14A-4375-B9F6-BDB2F381470F}.Release|Any CPU.ActiveCfg = Release|Any CPU
		{80DF27A1-E14A-4375-B9F6-BDB2F381470F}.Release|Any CPU.Build.0 = Release|Any CPU
	EndGlobalSection
	GlobalSection(SolutionProperties) = preSolution
		HideSolutionNode = FALSE
	EndGlobalSection
	GlobalSection(NestedProjects) = preSolution
		{0DA9CF58-93A5-4E59-BA5B-B4ADDD10830E} = {B3B86B56-51DF-4890-A923-F6C694F80D35}
		{07E060CD-DE3E-4D3F-ABF2-A02D46A745E4} = {BF205F69-DC1C-4E59-84FC-348B5403B0AD}
		{098C0C2C-0581-47C4-A69A-6881B4DF7115} = {B3B86B56-51DF-4890-A923-F6C694F80D35}
		{CF0C6945-2968-4C7A-92C0-3EB50A5AC33D} = {B3B86B56-51DF-4890-A923-F6C694F80D35}
		{52DB05C5-5A80-4740-B8CE-DAF9386318D7} = {B3B86B56-51DF-4890-A923-F6C694F80D35}
		{2F383C23-2A83-49AD-8F22-8CE7EF152109} = {B3B86B56-51DF-4890-A923-F6C694F80D35}
		{6B85A418-DDA2-4B26-890D-354E5BB28703} = {B3B86B56-51DF-4890-A923-F6C694F80D35}
		{97BA3830-A924-4E1B-A9D7-9830A58107B1} = {B3B86B56-51DF-4890-A923-F6C694F80D35}
		{CCAA69EA-2E91-4854-97D2-DC2E370CB4E9} = {B3B86B56-51DF-4890-A923-F6C694F80D35}
		{EAD19F00-60FC-4082-A674-EDBC4E0424A6} = {B3B86B56-51DF-4890-A923-F6C694F80D35}
		{EF8DBFEC-8D3B-4065-AD62-9507126B9C15} = {B3B86B56-51DF-4890-A923-F6C694F80D35}
		{D6F43A5F-92F8-4DA7-A74F-A8B53F1F3F2C} = {B3B86B56-51DF-4890-A923-F6C694F80D35}
		{CC58B04C-07EA-4E48-BC5A-9154087CEB57} = {B3B86B56-51DF-4890-A923-F6C694F80D35}
		{F91AB4F4-4AA1-4764-AB3F-E5A6D6C029CC} = {B3B86B56-51DF-4890-A923-F6C694F80D35}
		{41E08333-0F1B-4D66-A42B-DC4E6D512612} = {B3B86B56-51DF-4890-A923-F6C694F80D35}
		{675D8F63-50C2-484F-949C-B4B770D1530E} = {BF205F69-DC1C-4E59-84FC-348B5403B0AD}
		{EAE989A1-32F3-4ABD-9B47-50F02D4F2BB4} = {BF205F69-DC1C-4E59-84FC-348B5403B0AD}
		{3EBFFE39-DAD7-4519-BFE4-FEC0F47D183D} = {975A93E5-005A-4E30-93D7-41186D177510}
		{F9C71500-11EB-4981-A568-4BAF2E75BA6B} = {975A93E5-005A-4E30-93D7-41186D177510}
		{9EE2815B-332A-460A-991A-09906187C064} = {975A93E5-005A-4E30-93D7-41186D177510}
		{BA77C3C5-7CB0-439D-BDDD-6826D07DE8C4} = {2C399A09-B5C1-483C-B86F-4427004F698A}
		{8B6E8D66-ECA9-4EF9-8DA1-1493B35B8A80} = {2C399A09-B5C1-483C-B86F-4427004F698A}
		{25A8E30B-EF24-4568-96C0-389E84A9D4C4} = {2C399A09-B5C1-483C-B86F-4427004F698A}
		{3D717BE2-C048-4BA3-8471-763992E4F405} = {2C399A09-B5C1-483C-B86F-4427004F698A}
		{94A87234-901E-4C1D-9668-3EB4E00AF1E4} = {2C399A09-B5C1-483C-B86F-4427004F698A}
		{E73B18B1-3823-4951-9E0B-4179C6FF9C4A} = {2C399A09-B5C1-483C-B86F-4427004F698A}
		{D5ABBB9D-05D5-4213-A553-53718750796D} = {2C399A09-B5C1-483C-B86F-4427004F698A}
		{534620F7-1E86-48F2-89A7-148C6D060A66} = {975A93E5-005A-4E30-93D7-41186D177510}
		{D21630E5-AC49-4534-AD73-0E3F460D4136} = {975A93E5-005A-4E30-93D7-41186D177510}
		{5414E62E-D558-490B-B874-B2B9502D7A7B} = {975A93E5-005A-4E30-93D7-41186D177510}
		{55127C86-E1AE-43A6-94F0-26B0C4040E48} = {BF205F69-DC1C-4E59-84FC-348B5403B0AD}
		{A1D06C40-8459-405E-8476-74FC4E72F8DB} = {BF205F69-DC1C-4E59-84FC-348B5403B0AD}
		{EAB80918-055D-4B57-A28B-E415EBF757FB} = {BF205F69-DC1C-4E59-84FC-348B5403B0AD}
		{4A81E815-0F6C-4656-A48D-A04E7594442C} = {BF205F69-DC1C-4E59-84FC-348B5403B0AD}
		{DDDF04B8-50E6-4E1C-8808-215F3D093606} = {9EEBC432-7D21-4789-AD0D-4B826AC61C91}
		{C60AA51C-97A5-4160-B9AC-417EAFE08C77} = {9EEBC432-7D21-4789-AD0D-4B826AC61C91}
		{EB7FD456-E264-4908-B8D4-634835D2C161} = {9EEBC432-7D21-4789-AD0D-4B826AC61C91}
		{F8C17364-E762-4E39-A9F2-7B84C2055110} = {9EEBC432-7D21-4789-AD0D-4B826AC61C91}
		{CABDD6DE-297E-436B-96AD-A798493AD369} = {9EEBC432-7D21-4789-AD0D-4B826AC61C91}
		{0228F0B6-B4C3-4A45-A707-0ADA4FBCF34A} = {9EEBC432-7D21-4789-AD0D-4B826AC61C91}
		{011FBAFB-50EA-4455-AD99-1ED75B430DDB} = {9EEBC432-7D21-4789-AD0D-4B826AC61C91}
		{3858868D-63C6-48CE-B5F9-47F02357A530} = {9EEBC432-7D21-4789-AD0D-4B826AC61C91}
		{413C907B-E24C-496A-8D50-15975C82F146} = {9EEBC432-7D21-4789-AD0D-4B826AC61C91}
		{9E53A1D2-5015-4510-889C-9ACF0FD956C3} = {9EEBC432-7D21-4789-AD0D-4B826AC61C91}
		{EA8755A1-F32A-47DC-A246-E8F31172412C} = {9EEBC432-7D21-4789-AD0D-4B826AC61C91}
		{16379CCC-E59C-4467-9090-0F2B04F2F1FC} = {9EEBC432-7D21-4789-AD0D-4B826AC61C91}
		{5FFA5348-1658-4CDB-8706-CB0F41E80896} = {9EEBC432-7D21-4789-AD0D-4B826AC61C91}
		{6A94A105-5D18-42FB-8735-08E17EFA1E36} = {9EEBC432-7D21-4789-AD0D-4B826AC61C91}
		{C7319019-F26A-48D2-A5FA-DAEDA853E7ED} = {9EEBC432-7D21-4789-AD0D-4B826AC61C91}
		{4914458C-9C8E-4B50-ADC3-8F1E09A7D593} = {9EEBC432-7D21-4789-AD0D-4B826AC61C91}
		{291A623C-0E26-41AB-B166-52FE7DD6EBB5} = {AAA7E8D3-7C2B-4975-A597-7D2E29949F68}
		{2DBCF44C-E691-4B01-BBC9-3A5A5ADBD4A2} = {5541FF62-65A7-4DDA-81A5-3BE09567A8DC}
		{767C20CF-4A49-47A6-8DC8-7E5C61CEEC48} = {5541FF62-65A7-4DDA-81A5-3BE09567A8DC}
		{9B5A5B36-3AF9-4223-A297-212215CBAEE1} = {5541FF62-65A7-4DDA-81A5-3BE09567A8DC}
		{CC19FB58-1DED-4C94-84A5-16692A7482A9} = {5541FF62-65A7-4DDA-81A5-3BE09567A8DC}
		{F1A80688-78A2-4A1C-A4E6-38EF1FB6B16D} = {5541FF62-65A7-4DDA-81A5-3BE09567A8DC}
		{1FAB0A6E-D4C4-437F-8ED2-5A550FC732B2} = {5541FF62-65A7-4DDA-81A5-3BE09567A8DC}
		{8D284F1F-6365-43A6-BFB9-A68DA33EDD22} = {5541FF62-65A7-4DDA-81A5-3BE09567A8DC}
		{F1E96991-4AB1-4CC7-BEEC-45D3B9BC1D62} = {5541FF62-65A7-4DDA-81A5-3BE09567A8DC}
		{CD4CE099-EE5A-4DD9-B687-6C37C48E7541} = {5541FF62-65A7-4DDA-81A5-3BE09567A8DC}
		{081ED065-8FC9-4B79-8C7E-366C5E516D27} = {5541FF62-65A7-4DDA-81A5-3BE09567A8DC}
		{A0199CB5-0A71-492F-A7E4-C0345F315D1C} = {5541FF62-65A7-4DDA-81A5-3BE09567A8DC}
		{80DF27A1-E14A-4375-B9F6-BDB2F381470F} = {9EEBC432-7D21-4789-AD0D-4B826AC61C91}
	EndGlobalSection
	GlobalSection(ExtensibilityGlobals) = postSolution
		SolutionGuid = {4D4FC2B0-EC4A-4DB9-9CC3-5DDA9C48FDFB}
	EndGlobalSection
EndGlobal
