
Microsoft Visual Studio Solution File, Format Version 12.00
# Visual Studio 15
VisualStudioVersion = 15.0.28307.421
MinimumVisualStudioVersion = 10.0.40219.1
Project("{2150E333-8FDC-42A3-9474-1A3956D46DE8}") = "Chapter09_Methods", "Chapter09_Methods", "{BF205F69-DC1C-4E59-84FC-348B5403B0AD}"
	ProjectSection(SolutionItems) = preProject
		Chapter09\README.md = Chapter09\README.md
	EndProjectSection
EndProject
Project("{2150E333-8FDC-42A3-9474-1A3956D46DE8}") = "Chapter08_NumeralSystems", "Chapter08_NumeralSystems", "{B3B86B56-51DF-4890-A923-F6C694F80D35}"
	ProjectSection(SolutionItems) = preProject
		Chapter08\README.md = Chapter08\README.md
	EndProjectSection
EndProject
Project("{FAE04EC0-301F-11D3-BF4B-00C04F79EFBC}") = "Exercise01", "Chapter08\Exercise01\Exercise01.csproj", "{0DA9CF58-93A5-4E59-BA5B-B4ADDD10830E}"
EndProject
Project("{FAE04EC0-301F-11D3-BF4B-00C04F79EFBC}") = "Exercise01", "Chapter09\Exercise01\Exercise01.csproj", "{07E060CD-DE3E-4D3F-ABF2-A02D46A745E4}"
EndProject
Project("{FAE04EC0-301F-11D3-BF4B-00C04F79EFBC}") = "Exercise02", "Chapter08\Exercise02\Exercise02.csproj", "{098C0C2C-0581-47C4-A69A-6881B4DF7115}"
EndProject
Project("{FAE04EC0-301F-11D3-BF4B-00C04F79EFBC}") = "Exercise03", "Chapter08\Exercise03\Exercise03.csproj", "{CF0C6945-2968-4C7A-92C0-3EB50A5AC33D}"
EndProject
Project("{FAE04EC0-301F-11D3-BF4B-00C04F79EFBC}") = "Exercise04", "Chapter08\Exercise04\Exercise04.csproj", "{52DB05C5-5A80-4740-B8CE-DAF9386318D7}"
EndProject
Project("{FAE04EC0-301F-11D3-BF4B-00C04F79EFBC}") = "Exercise05", "Chapter08\Exercise05\Exercise05.csproj", "{2F383C23-2A83-49AD-8F22-8CE7EF152109}"
EndProject
Project("{FAE04EC0-301F-11D3-BF4B-00C04F79EFBC}") = "Exercise06", "Chapter08\Exercise06\Exercise06.csproj", "{6B85A418-DDA2-4B26-890D-354E5BB28703}"
EndProject
Project("{FAE04EC0-301F-11D3-BF4B-00C04F79EFBC}") = "Exercise07", "Chapter08\Exercise07\Exercise07.csproj", "{97BA3830-A924-4E1B-A9D7-9830A58107B1}"
EndProject
Project("{FAE04EC0-301F-11D3-BF4B-00C04F79EFBC}") = "Exercise08", "Chapter08\Exercise08\Exercise08.csproj", "{CCAA69EA-2E91-4854-97D2-DC2E370CB4E9}"
EndProject
Project("{FAE04EC0-301F-11D3-BF4B-00C04F79EFBC}") = "Exercise09", "Chapter08\Exercise09\Exercise09.csproj", "{EAD19F00-60FC-4082-A674-EDBC4E0424A6}"
EndProject
Project("{FAE04EC0-301F-11D3-BF4B-00C04F79EFBC}") = "Exercise10", "Chapter08\Exercise10\Exercise10.csproj", "{EF8DBFEC-8D3B-4065-AD62-9507126B9C15}"
EndProject
Project("{FAE04EC0-301F-11D3-BF4B-00C04F79EFBC}") = "Exercise11", "Chapter08\Exercise11\Exercise11.csproj", "{D6F43A5F-92F8-4DA7-A74F-A8B53F1F3F2C}"
EndProject
Project("{FAE04EC0-301F-11D3-BF4B-00C04F79EFBC}") = "Exercise12", "Chapter08\Exercise12\Exercise12.csproj", "{CC58B04C-07EA-4E48-BC5A-9154087CEB57}"
EndProject
Project("{FAE04EC0-301F-11D3-BF4B-00C04F79EFBC}") = "Exercise13", "Chapter08\Exercise13\Exercise13.csproj", "{F91AB4F4-4AA1-4764-AB3F-E5A6D6C029CC}"
EndProject
Project("{FAE04EC0-301F-11D3-BF4B-00C04F79EFBC}") = "Exercise14", "Chapter08\Exercise14\Exercise14.csproj", "{41E08333-0F1B-4D66-A42B-DC4E6D512612}"
EndProject
Project("{FAE04EC0-301F-11D3-BF4B-00C04F79EFBC}") = "Exercise02", "Chapter09\Exercise02\Exercise02.csproj", "{675D8F63-50C2-484F-949C-B4B770D1530E}"
EndProject
Project("{FAE04EC0-301F-11D3-BF4B-00C04F79EFBC}") = "Exercise03", "Chapter09\Exercise03\Exercise03.csproj", "{EAE989A1-32F3-4ABD-9B47-50F02D4F2BB4}"
EndProject
Project("{2150E333-8FDC-42A3-9474-1A3956D46DE8}") = "Chapter07_Arrays", "Chapter07_Arrays", "{975A93E5-005A-4E30-93D7-41186D177510}"
	ProjectSection(SolutionItems) = preProject
		Chapter07\README.md = Chapter07\README.md
	EndProjectSection
EndProject
Project("{FAE04EC0-301F-11D3-BF4B-00C04F79EFBC}") = "Exercise01", "Chapter07\Exercise01\Exercise01.csproj", "{3EBFFE39-DAD7-4519-BFE4-FEC0F47D183D}"
EndProject
Project("{FAE04EC0-301F-11D3-BF4B-00C04F79EFBC}") = "Exercise02", "Chapter07\Exercise02\Exercise02.csproj", "{F9C71500-11EB-4981-A568-4BAF2E75BA6B}"
EndProject
Project("{FAE04EC0-301F-11D3-BF4B-00C04F79EFBC}") = "PascalsTriangle", "Chapter07\PascalsTriangle\PascalsTriangle.csproj", "{9EE2815B-332A-460A-991A-09906187C064}"
EndProject
Project("{2150E333-8FDC-42A3-9474-1A3956D46DE8}") = "Chapter01_IntroductionToProgramming", "Chapter01_IntroductionToProgramming", "{2C399A09-B5C1-483C-B86F-4427004F698A}"
	ProjectSection(SolutionItems) = preProject
		Chapter01\README.md = Chapter01\README.md
	EndProjectSection
EndProject
Project("{FAE04EC0-301F-11D3-BF4B-00C04F79EFBC}") = "Exercise05", "Chapter01\Exercise05\Exercise05.csproj", "{BA77C3C5-7CB0-439D-BDDD-6826D07DE8C4}"
EndProject
Project("{FAE04EC0-301F-11D3-BF4B-00C04F79EFBC}") = "Exercise06", "Chapter01\Exercise06\Exercise06.csproj", "{8B6E8D66-ECA9-4EF9-8DA1-1493B35B8A80}"
EndProject
Project("{FAE04EC0-301F-11D3-BF4B-00C04F79EFBC}") = "Exercise07", "Chapter01\Exercise07\Exercise07.csproj", "{25A8E30B-EF24-4568-96C0-389E84A9D4C4}"
EndProject
Project("{FAE04EC0-301F-11D3-BF4B-00C04F79EFBC}") = "Exercise08", "Chapter01\Exercise08\Exercise08.csproj", "{3D717BE2-C048-4BA3-8471-763992E4F405}"
EndProject
Project("{FAE04EC0-301F-11D3-BF4B-00C04F79EFBC}") = "Exercise09", "Chapter01\Exercise09\Exercise09.csproj", "{94A87234-901E-4C1D-9668-3EB4E00AF1E4}"
EndProject
Project("{FAE04EC0-301F-11D3-BF4B-00C04F79EFBC}") = "Exercise10", "Chapter01\Exercise10\Exercise10.csproj", "{E73B18B1-3823-4951-9E0B-4179C6FF9C4A}"
EndProject
Project("{FAE04EC0-301F-11D3-BF4B-00C04F79EFBC}") = "Exercise11", "Chapter01\Exercise11\Exercise11.csproj", "{D5ABBB9D-05D5-4213-A553-53718750796D}"
EndProject
Global
	GlobalSection(SolutionConfigurationPlatforms) = preSolution
		Debug|Any CPU = Debug|Any CPU
		Release|Any CPU = Release|Any CPU
	EndGlobalSection
	GlobalSection(ProjectConfigurationPlatforms) = postSolution
		{0DA9CF58-93A5-4E59-BA5B-B4ADDD10830E}.Debug|Any CPU.ActiveCfg = Debug|Any CPU
		{0DA9CF58-93A5-4E59-BA5B-B4ADDD10830E}.Debug|Any CPU.Build.0 = Debug|Any CPU
		{0DA9CF58-93A5-4E59-BA5B-B4ADDD10830E}.Release|Any CPU.ActiveCfg = Release|Any CPU
		{0DA9CF58-93A5-4E59-BA5B-B4ADDD10830E}.Release|Any CPU.Build.0 = Release|Any CPU
		{07E060CD-DE3E-4D3F-ABF2-A02D46A745E4}.Debug|Any CPU.ActiveCfg = Debug|Any CPU
		{07E060CD-DE3E-4D3F-ABF2-A02D46A745E4}.Debug|Any CPU.Build.0 = Debug|Any CPU
		{07E060CD-DE3E-4D3F-ABF2-A02D46A745E4}.Release|Any CPU.ActiveCfg = Release|Any CPU
		{07E060CD-DE3E-4D3F-ABF2-A02D46A745E4}.Release|Any CPU.Build.0 = Release|Any CPU
		{098C0C2C-0581-47C4-A69A-6881B4DF7115}.Debug|Any CPU.ActiveCfg = Debug|Any CPU
		{098C0C2C-0581-47C4-A69A-6881B4DF7115}.Debug|Any CPU.Build.0 = Debug|Any CPU
		{098C0C2C-0581-47C4-A69A-6881B4DF7115}.Release|Any CPU.ActiveCfg = Release|Any CPU
		{098C0C2C-0581-47C4-A69A-6881B4DF7115}.Release|Any CPU.Build.0 = Release|Any CPU
		{CF0C6945-2968-4C7A-92C0-3EB50A5AC33D}.Debug|Any CPU.ActiveCfg = Debug|Any CPU
		{CF0C6945-2968-4C7A-92C0-3EB50A5AC33D}.Debug|Any CPU.Build.0 = Debug|Any CPU
		{CF0C6945-2968-4C7A-92C0-3EB50A5AC33D}.Release|Any CPU.ActiveCfg = Release|Any CPU
		{CF0C6945-2968-4C7A-92C0-3EB50A5AC33D}.Release|Any CPU.Build.0 = Release|Any CPU
		{52DB05C5-5A80-4740-B8CE-DAF9386318D7}.Debug|Any CPU.ActiveCfg = Debug|Any CPU
		{52DB05C5-5A80-4740-B8CE-DAF9386318D7}.Debug|Any CPU.Build.0 = Debug|Any CPU
		{52DB05C5-5A80-4740-B8CE-DAF9386318D7}.Release|Any CPU.ActiveCfg = Release|Any CPU
		{52DB05C5-5A80-4740-B8CE-DAF9386318D7}.Release|Any CPU.Build.0 = Release|Any CPU
		{2F383C23-2A83-49AD-8F22-8CE7EF152109}.Debug|Any CPU.ActiveCfg = Debug|Any CPU
		{2F383C23-2A83-49AD-8F22-8CE7EF152109}.Debug|Any CPU.Build.0 = Debug|Any CPU
		{2F383C23-2A83-49AD-8F22-8CE7EF152109}.Release|Any CPU.ActiveCfg = Release|Any CPU
		{2F383C23-2A83-49AD-8F22-8CE7EF152109}.Release|Any CPU.Build.0 = Release|Any CPU
		{6B85A418-DDA2-4B26-890D-354E5BB28703}.Debug|Any CPU.ActiveCfg = Debug|Any CPU
		{6B85A418-DDA2-4B26-890D-354E5BB28703}.Debug|Any CPU.Build.0 = Debug|Any CPU
		{6B85A418-DDA2-4B26-890D-354E5BB28703}.Release|Any CPU.ActiveCfg = Release|Any CPU
		{6B85A418-DDA2-4B26-890D-354E5BB28703}.Release|Any CPU.Build.0 = Release|Any CPU
		{97BA3830-A924-4E1B-A9D7-9830A58107B1}.Debug|Any CPU.ActiveCfg = Debug|Any CPU
		{97BA3830-A924-4E1B-A9D7-9830A58107B1}.Debug|Any CPU.Build.0 = Debug|Any CPU
		{97BA3830-A924-4E1B-A9D7-9830A58107B1}.Release|Any CPU.ActiveCfg = Release|Any CPU
		{97BA3830-A924-4E1B-A9D7-9830A58107B1}.Release|Any CPU.Build.0 = Release|Any CPU
		{CCAA69EA-2E91-4854-97D2-DC2E370CB4E9}.Debug|Any CPU.ActiveCfg = Debug|Any CPU
		{CCAA69EA-2E91-4854-97D2-DC2E370CB4E9}.Debug|Any CPU.Build.0 = Debug|Any CPU
		{CCAA69EA-2E91-4854-97D2-DC2E370CB4E9}.Release|Any CPU.ActiveCfg = Release|Any CPU
		{CCAA69EA-2E91-4854-97D2-DC2E370CB4E9}.Release|Any CPU.Build.0 = Release|Any CPU
		{EAD19F00-60FC-4082-A674-EDBC4E0424A6}.Debug|Any CPU.ActiveCfg = Debug|Any CPU
		{EAD19F00-60FC-4082-A674-EDBC4E0424A6}.Debug|Any CPU.Build.0 = Debug|Any CPU
		{EAD19F00-60FC-4082-A674-EDBC4E0424A6}.Release|Any CPU.ActiveCfg = Release|Any CPU
		{EAD19F00-60FC-4082-A674-EDBC4E0424A6}.Release|Any CPU.Build.0 = Release|Any CPU
		{EF8DBFEC-8D3B-4065-AD62-9507126B9C15}.Debug|Any CPU.ActiveCfg = Debug|Any CPU
		{EF8DBFEC-8D3B-4065-AD62-9507126B9C15}.Debug|Any CPU.Build.0 = Debug|Any CPU
		{EF8DBFEC-8D3B-4065-AD62-9507126B9C15}.Release|Any CPU.ActiveCfg = Release|Any CPU
		{EF8DBFEC-8D3B-4065-AD62-9507126B9C15}.Release|Any CPU.Build.0 = Release|Any CPU
		{D6F43A5F-92F8-4DA7-A74F-A8B53F1F3F2C}.Debug|Any CPU.ActiveCfg = Debug|Any CPU
		{D6F43A5F-92F8-4DA7-A74F-A8B53F1F3F2C}.Debug|Any CPU.Build.0 = Debug|Any CPU
		{D6F43A5F-92F8-4DA7-A74F-A8B53F1F3F2C}.Release|Any CPU.ActiveCfg = Release|Any CPU
		{D6F43A5F-92F8-4DA7-A74F-A8B53F1F3F2C}.Release|Any CPU.Build.0 = Release|Any CPU
		{CC58B04C-07EA-4E48-BC5A-9154087CEB57}.Debug|Any CPU.ActiveCfg = Debug|Any CPU
		{CC58B04C-07EA-4E48-BC5A-9154087CEB57}.Debug|Any CPU.Build.0 = Debug|Any CPU
		{CC58B04C-07EA-4E48-BC5A-9154087CEB57}.Release|Any CPU.ActiveCfg = Release|Any CPU
		{CC58B04C-07EA-4E48-BC5A-9154087CEB57}.Release|Any CPU.Build.0 = Release|Any CPU
		{F91AB4F4-4AA1-4764-AB3F-E5A6D6C029CC}.Debug|Any CPU.ActiveCfg = Debug|Any CPU
		{F91AB4F4-4AA1-4764-AB3F-E5A6D6C029CC}.Debug|Any CPU.Build.0 = Debug|Any CPU
		{F91AB4F4-4AA1-4764-AB3F-E5A6D6C029CC}.Release|Any CPU.ActiveCfg = Release|Any CPU
		{F91AB4F4-4AA1-4764-AB3F-E5A6D6C029CC}.Release|Any CPU.Build.0 = Release|Any CPU
		{41E08333-0F1B-4D66-A42B-DC4E6D512612}.Debug|Any CPU.ActiveCfg = Debug|Any CPU
		{41E08333-0F1B-4D66-A42B-DC4E6D512612}.Debug|Any CPU.Build.0 = Debug|Any CPU
		{41E08333-0F1B-4D66-A42B-DC4E6D512612}.Release|Any CPU.ActiveCfg = Release|Any CPU
		{41E08333-0F1B-4D66-A42B-DC4E6D512612}.Release|Any CPU.Build.0 = Release|Any CPU
		{675D8F63-50C2-484F-949C-B4B770D1530E}.Debug|Any CPU.ActiveCfg = Debug|Any CPU
		{675D8F63-50C2-484F-949C-B4B770D1530E}.Debug|Any CPU.Build.0 = Debug|Any CPU
		{675D8F63-50C2-484F-949C-B4B770D1530E}.Release|Any CPU.ActiveCfg = Release|Any CPU
		{675D8F63-50C2-484F-949C-B4B770D1530E}.Release|Any CPU.Build.0 = Release|Any CPU
		{EAE989A1-32F3-4ABD-9B47-50F02D4F2BB4}.Debug|Any CPU.ActiveCfg = Debug|Any CPU
		{EAE989A1-32F3-4ABD-9B47-50F02D4F2BB4}.Debug|Any CPU.Build.0 = Debug|Any CPU
		{EAE989A1-32F3-4ABD-9B47-50F02D4F2BB4}.Release|Any CPU.ActiveCfg = Release|Any CPU
		{EAE989A1-32F3-4ABD-9B47-50F02D4F2BB4}.Release|Any CPU.Build.0 = Release|Any CPU
		{3EBFFE39-DAD7-4519-BFE4-FEC0F47D183D}.Debug|Any CPU.ActiveCfg = Debug|Any CPU
		{3EBFFE39-DAD7-4519-BFE4-FEC0F47D183D}.Debug|Any CPU.Build.0 = Debug|Any CPU
		{3EBFFE39-DAD7-4519-BFE4-FEC0F47D183D}.Release|Any CPU.ActiveCfg = Release|Any CPU
		{3EBFFE39-DAD7-4519-BFE4-FEC0F47D183D}.Release|Any CPU.Build.0 = Release|Any CPU
		{F9C71500-11EB-4981-A568-4BAF2E75BA6B}.Debug|Any CPU.ActiveCfg = Debug|Any CPU
		{F9C71500-11EB-4981-A568-4BAF2E75BA6B}.Debug|Any CPU.Build.0 = Debug|Any CPU
		{F9C71500-11EB-4981-A568-4BAF2E75BA6B}.Release|Any CPU.ActiveCfg = Release|Any CPU
		{F9C71500-11EB-4981-A568-4BAF2E75BA6B}.Release|Any CPU.Build.0 = Release|Any CPU
		{9EE2815B-332A-460A-991A-09906187C064}.Debug|Any CPU.ActiveCfg = Debug|Any CPU
		{9EE2815B-332A-460A-991A-09906187C064}.Debug|Any CPU.Build.0 = Debug|Any CPU
		{9EE2815B-332A-460A-991A-09906187C064}.Release|Any CPU.ActiveCfg = Release|Any CPU
		{9EE2815B-332A-460A-991A-09906187C064}.Release|Any CPU.Build.0 = Release|Any CPU
		{BA77C3C5-7CB0-439D-BDDD-6826D07DE8C4}.Debug|Any CPU.ActiveCfg = Debug|Any CPU
		{BA77C3C5-7CB0-439D-BDDD-6826D07DE8C4}.Debug|Any CPU.Build.0 = Debug|Any CPU
		{BA77C3C5-7CB0-439D-BDDD-6826D07DE8C4}.Release|Any CPU.ActiveCfg = Release|Any CPU
		{BA77C3C5-7CB0-439D-BDDD-6826D07DE8C4}.Release|Any CPU.Build.0 = Release|Any CPU
		{8B6E8D66-ECA9-4EF9-8DA1-1493B35B8A80}.Debug|Any CPU.ActiveCfg = Debug|Any CPU
		{8B6E8D66-ECA9-4EF9-8DA1-1493B35B8A80}.Debug|Any CPU.Build.0 = Debug|Any CPU
		{8B6E8D66-ECA9-4EF9-8DA1-1493B35B8A80}.Release|Any CPU.ActiveCfg = Release|Any CPU
		{8B6E8D66-ECA9-4EF9-8DA1-1493B35B8A80}.Release|Any CPU.Build.0 = Release|Any CPU
		{25A8E30B-EF24-4568-96C0-389E84A9D4C4}.Debug|Any CPU.ActiveCfg = Debug|Any CPU
		{25A8E30B-EF24-4568-96C0-389E84A9D4C4}.Debug|Any CPU.Build.0 = Debug|Any CPU
		{25A8E30B-EF24-4568-96C0-389E84A9D4C4}.Release|Any CPU.ActiveCfg = Release|Any CPU
		{25A8E30B-EF24-4568-96C0-389E84A9D4C4}.Release|Any CPU.Build.0 = Release|Any CPU
		{3D717BE2-C048-4BA3-8471-763992E4F405}.Debug|Any CPU.ActiveCfg = Debug|Any CPU
		{3D717BE2-C048-4BA3-8471-763992E4F405}.Debug|Any CPU.Build.0 = Debug|Any CPU
		{3D717BE2-C048-4BA3-8471-763992E4F405}.Release|Any CPU.ActiveCfg = Release|Any CPU
		{3D717BE2-C048-4BA3-8471-763992E4F405}.Release|Any CPU.Build.0 = Release|Any CPU
		{94A87234-901E-4C1D-9668-3EB4E00AF1E4}.Debug|Any CPU.ActiveCfg = Debug|Any CPU
		{94A87234-901E-4C1D-9668-3EB4E00AF1E4}.Debug|Any CPU.Build.0 = Debug|Any CPU
		{94A87234-901E-4C1D-9668-3EB4E00AF1E4}.Release|Any CPU.ActiveCfg = Release|Any CPU
		{94A87234-901E-4C1D-9668-3EB4E00AF1E4}.Release|Any CPU.Build.0 = Release|Any CPU
		{E73B18B1-3823-4951-9E0B-4179C6FF9C4A}.Debug|Any CPU.ActiveCfg = Debug|Any CPU
		{E73B18B1-3823-4951-9E0B-4179C6FF9C4A}.Debug|Any CPU.Build.0 = Debug|Any CPU
		{E73B18B1-3823-4951-9E0B-4179C6FF9C4A}.Release|Any CPU.ActiveCfg = Release|Any CPU
		{E73B18B1-3823-4951-9E0B-4179C6FF9C4A}.Release|Any CPU.Build.0 = Release|Any CPU
		{D5ABBB9D-05D5-4213-A553-53718750796D}.Debug|Any CPU.ActiveCfg = Debug|Any CPU
		{D5ABBB9D-05D5-4213-A553-53718750796D}.Debug|Any CPU.Build.0 = Debug|Any CPU
		{D5ABBB9D-05D5-4213-A553-53718750796D}.Release|Any CPU.ActiveCfg = Release|Any CPU
		{D5ABBB9D-05D5-4213-A553-53718750796D}.Release|Any CPU.Build.0 = Release|Any CPU
	EndGlobalSection
	GlobalSection(SolutionProperties) = preSolution
		HideSolutionNode = FALSE
	EndGlobalSection
	GlobalSection(NestedProjects) = preSolution
		{0DA9CF58-93A5-4E59-BA5B-B4ADDD10830E} = {B3B86B56-51DF-4890-A923-F6C694F80D35}
		{07E060CD-DE3E-4D3F-ABF2-A02D46A745E4} = {BF205F69-DC1C-4E59-84FC-348B5403B0AD}
		{098C0C2C-0581-47C4-A69A-6881B4DF7115} = {B3B86B56-51DF-4890-A923-F6C694F80D35}
		{CF0C6945-2968-4C7A-92C0-3EB50A5AC33D} = {B3B86B56-51DF-4890-A923-F6C694F80D35}
		{52DB05C5-5A80-4740-B8CE-DAF9386318D7} = {B3B86B56-51DF-4890-A923-F6C694F80D35}
		{2F383C23-2A83-49AD-8F22-8CE7EF152109} = {B3B86B56-51DF-4890-A923-F6C694F80D35}
		{6B85A418-DDA2-4B26-890D-354E5BB28703} = {B3B86B56-51DF-4890-A923-F6C694F80D35}
		{97BA3830-A924-4E1B-A9D7-9830A58107B1} = {B3B86B56-51DF-4890-A923-F6C694F80D35}
		{CCAA69EA-2E91-4854-97D2-DC2E370CB4E9} = {B3B86B56-51DF-4890-A923-F6C694F80D35}
		{EAD19F00-60FC-4082-A674-EDBC4E0424A6} = {B3B86B56-51DF-4890-A923-F6C694F80D35}
		{EF8DBFEC-8D3B-4065-AD62-9507126B9C15} = {B3B86B56-51DF-4890-A923-F6C694F80D35}
		{D6F43A5F-92F8-4DA7-A74F-A8B53F1F3F2C} = {B3B86B56-51DF-4890-A923-F6C694F80D35}
		{CC58B04C-07EA-4E48-BC5A-9154087CEB57} = {B3B86B56-51DF-4890-A923-F6C694F80D35}
		{F91AB4F4-4AA1-4764-AB3F-E5A6D6C029CC} = {B3B86B56-51DF-4890-A923-F6C694F80D35}
		{41E08333-0F1B-4D66-A42B-DC4E6D512612} = {B3B86B56-51DF-4890-A923-F6C694F80D35}
		{675D8F63-50C2-484F-949C-B4B770D1530E} = {BF205F69-DC1C-4E59-84FC-348B5403B0AD}
		{EAE989A1-32F3-4ABD-9B47-50F02D4F2BB4} = {BF205F69-DC1C-4E59-84FC-348B5403B0AD}
		{3EBFFE39-DAD7-4519-BFE4-FEC0F47D183D} = {975A93E5-005A-4E30-93D7-41186D177510}
		{F9C71500-11EB-4981-A568-4BAF2E75BA6B} = {975A93E5-005A-4E30-93D7-41186D177510}
		{9EE2815B-332A-460A-991A-09906187C064} = {975A93E5-005A-4E30-93D7-41186D177510}
		{BA77C3C5-7CB0-439D-BDDD-6826D07DE8C4} = {2C399A09-B5C1-483C-B86F-4427004F698A}
		{8B6E8D66-ECA9-4EF9-8DA1-1493B35B8A80} = {2C399A09-B5C1-483C-B86F-4427004F698A}
		{25A8E30B-EF24-4568-96C0-389E84A9D4C4} = {2C399A09-B5C1-483C-B86F-4427004F698A}
		{3D717BE2-C048-4BA3-8471-763992E4F405} = {2C399A09-B5C1-483C-B86F-4427004F698A}
		{94A87234-901E-4C1D-9668-3EB4E00AF1E4} = {2C399A09-B5C1-483C-B86F-4427004F698A}
		{E73B18B1-3823-4951-9E0B-4179C6FF9C4A} = {2C399A09-B5C1-483C-B86F-4427004F698A}
		{D5ABBB9D-05D5-4213-A553-53718750796D} = {2C399A09-B5C1-483C-B86F-4427004F698A}
	EndGlobalSection
	GlobalSection(ExtensibilityGlobals) = postSolution
		SolutionGuid = {4D4FC2B0-EC4A-4DB9-9CC3-5DDA9C48FDFB}
	EndGlobalSection
EndGlobal
